
Microsoft Visual Studio Solution File, Format Version 12.00
# Visual Studio 2013
VisualStudioVersion = 12.0.31101.0
MinimumVisualStudioVersion = 10.0.40219.1
Project("{8BC9CEB8-8B4A-11D0-8D11-00A0C91BC942}") = "QuickSort", "QuickSort\QuickSort.vcxproj", "{FE2199BC-7E87-46D3-95C2-2A5DB5BEE16F}"
EndProject
Project("{8BC9CEB8-8B4A-11D0-8D11-00A0C91BC942}") = "BubbleSort", "BubbleSort\BubbleSort.vcxproj", "{73BDCEC4-4807-4ED7-A06F-FF899FE5168F}"
EndProject
Project("{8BC9CEB8-8B4A-11D0-8D11-00A0C91BC942}") = "ReverseList", "ReverseList\ReverseList.vcxproj", "{4280A631-A375-4D2B-A24D-A7B7209FCFA3}"
EndProject
Project("{8BC9CEB8-8B4A-11D0-8D11-00A0C91BC942}") = "InsertSort", "InsertSort\InsertSort.vcxproj", "{54D6A488-C86A-4768-B68F-AAC77285B9EC}"
EndProject
Project("{8BC9CEB8-8B4A-11D0-8D11-00A0C91BC942}") = "SelectSort", "SelectSort\SelectSort.vcxproj", "{896971C5-827D-4513-AF59-6C963F55042A}"
EndProject
Project("{8BC9CEB8-8B4A-11D0-8D11-00A0C91BC942}") = "ShellSort", "ShellSort\ShellSort.vcxproj", "{003EABEB-F125-4EE3-A9B8-BAA0F08A61D1}"
EndProject
Project("{8BC9CEB8-8B4A-11D0-8D11-00A0C91BC942}") = "HeapSort", "HeapSort\HeapSort.vcxproj", "{CC077EA9-3792-444F-B54E-EE28E0800E4F}"
EndProject
Project("{8BC9CEB8-8B4A-11D0-8D11-00A0C91BC942}") = "AddTwoNumbers", "AddTwoNumbers\Add Two Numbers.vcxproj", "{64E52211-8499-480E-854D-5E26D5E267F0}"
EndProject
Project("{8BC9CEB8-8B4A-11D0-8D11-00A0C91BC942}") = "LongestSubstringWithoutRepeatingCharacters", "LongestSubstringWithoutRepeatingCharacters\LongestSubstringWithoutRepeatingCharacters.vcxproj", "{E69E86C5-D162-4972-BFAC-404DCB7C84E8}"
EndProject
Project("{8BC9CEB8-8B4A-11D0-8D11-00A0C91BC942}") = "TowSum", "TwoSum\TowSum.vcxproj", "{A9060658-F1EE-4AE1-9215-04B62E2EC9F2}"
EndProject
Project("{8BC9CEB8-8B4A-11D0-8D11-00A0C91BC942}") = "ReverseInteger", "ReverseInteger\ReverseInteger.vcxproj", "{C11ABBEF-3B52-4F58-9E71-74552DC72013}"
EndProject
Project("{8BC9CEB8-8B4A-11D0-8D11-00A0C91BC942}") = "StringToInteger", "StringToInteger\StringToInteger.vcxproj", "{1DF3B617-85B0-49EB-81BB-D825CF741B8F}"
EndProject
Project("{8BC9CEB8-8B4A-11D0-8D11-00A0C91BC942}") = "ValidNumber", "ValidNumber\ValidNumber.vcxproj", "{126E409C-6AA0-4847-97FF-B75D1E803324}"
EndProject
Project("{8BC9CEB8-8B4A-11D0-8D11-00A0C91BC942}") = "NumberOf1Bits", "NumberOf1Bits\NumberOf1Bits.vcxproj", "{6B8285DC-209B-4D7C-9F20-1B9D6654012A}"
EndProject
Project("{8BC9CEB8-8B4A-11D0-8D11-00A0C91BC942}") = "ReverseBits", "ReverseBits\ReverseBits.vcxproj", "{E6361570-F34E-4D5E-A87B-70B3C04CFD1C}"
EndProject
Project("{8BC9CEB8-8B4A-11D0-8D11-00A0C91BC942}") = "PowerOfTwo", "PowerOfTwo\PowerOfTwo.vcxproj", "{801614F4-A987-4B8F-8063-0487E010B93A}"
EndProject
Project("{8BC9CEB8-8B4A-11D0-8D11-00A0C91BC942}") = "Subsets", "Subsets\Subsets.vcxproj", "{E572A0B0-A66F-44F1-918A-A219B76FD578}"
EndProject
Project("{8BC9CEB8-8B4A-11D0-8D11-00A0C91BC942}") = "SingleNuberII", "SingleNuberII\SingleNuberII.vcxproj", "{DC83A39D-9DA9-4CA3-AEFB-9AB33F8A49D4}"
EndProject
Project("{8BC9CEB8-8B4A-11D0-8D11-00A0C91BC942}") = "SingleNumber", "SingleNumber\SingleNumber.vcxproj", "{A5CAEF7E-ABC8-48E5-BF21-67E5CDC0B2FA}"
EndProject
Project("{8BC9CEB8-8B4A-11D0-8D11-00A0C91BC942}") = "SingleNumberIII", "SingleNumberIII\SingleNumberIII.vcxproj", "{3E0549A9-C273-47BB-989D-BA5DCE7340F3}"
EndProject
Project("{8BC9CEB8-8B4A-11D0-8D11-00A0C91BC942}") = "RemoveDuplicatesFromSortedArray", "RemoveDuplicatesFromSortedArray\RemoveDuplicatesFromSortedArray.vcxproj", "{9E7A573D-0E93-463D-9543-83CE3D7BCDFB}"
EndProject
Project("{8BC9CEB8-8B4A-11D0-8D11-00A0C91BC942}") = "RemoveDuplicatesFromSortedArrayII", "RemoveDuplicatesFromSortedArrayII\RemoveDuplicatesFromSortedArrayII.vcxproj", "{5941CEBD-B01F-403F-A173-A286423F1272}"
EndProject
Global
	GlobalSection(SolutionConfigurationPlatforms) = preSolution
		Debug|Win32 = Debug|Win32
		Release|Win32 = Release|Win32
	EndGlobalSection
	GlobalSection(ProjectConfigurationPlatforms) = postSolution
		{FE2199BC-7E87-46D3-95C2-2A5DB5BEE16F}.Debug|Win32.ActiveCfg = Debug|Win32
		{FE2199BC-7E87-46D3-95C2-2A5DB5BEE16F}.Debug|Win32.Build.0 = Debug|Win32
		{FE2199BC-7E87-46D3-95C2-2A5DB5BEE16F}.Release|Win32.ActiveCfg = Release|Win32
		{FE2199BC-7E87-46D3-95C2-2A5DB5BEE16F}.Release|Win32.Build.0 = Release|Win32
		{73BDCEC4-4807-4ED7-A06F-FF899FE5168F}.Debug|Win32.ActiveCfg = Debug|Win32
		{73BDCEC4-4807-4ED7-A06F-FF899FE5168F}.Debug|Win32.Build.0 = Debug|Win32
		{73BDCEC4-4807-4ED7-A06F-FF899FE5168F}.Release|Win32.ActiveCfg = Release|Win32
		{73BDCEC4-4807-4ED7-A06F-FF899FE5168F}.Release|Win32.Build.0 = Release|Win32
		{4280A631-A375-4D2B-A24D-A7B7209FCFA3}.Debug|Win32.ActiveCfg = Debug|Win32
		{4280A631-A375-4D2B-A24D-A7B7209FCFA3}.Debug|Win32.Build.0 = Debug|Win32
		{4280A631-A375-4D2B-A24D-A7B7209FCFA3}.Release|Win32.ActiveCfg = Release|Win32
		{4280A631-A375-4D2B-A24D-A7B7209FCFA3}.Release|Win32.Build.0 = Release|Win32
		{54D6A488-C86A-4768-B68F-AAC77285B9EC}.Debug|Win32.ActiveCfg = Debug|Win32
		{54D6A488-C86A-4768-B68F-AAC77285B9EC}.Debug|Win32.Build.0 = Debug|Win32
		{54D6A488-C86A-4768-B68F-AAC77285B9EC}.Release|Win32.ActiveCfg = Release|Win32
		{54D6A488-C86A-4768-B68F-AAC77285B9EC}.Release|Win32.Build.0 = Release|Win32
		{896971C5-827D-4513-AF59-6C963F55042A}.Debug|Win32.ActiveCfg = Debug|Win32
		{896971C5-827D-4513-AF59-6C963F55042A}.Debug|Win32.Build.0 = Debug|Win32
		{896971C5-827D-4513-AF59-6C963F55042A}.Release|Win32.ActiveCfg = Release|Win32
		{896971C5-827D-4513-AF59-6C963F55042A}.Release|Win32.Build.0 = Release|Win32
		{003EABEB-F125-4EE3-A9B8-BAA0F08A61D1}.Debug|Win32.ActiveCfg = Debug|Win32
		{003EABEB-F125-4EE3-A9B8-BAA0F08A61D1}.Debug|Win32.Build.0 = Debug|Win32
		{003EABEB-F125-4EE3-A9B8-BAA0F08A61D1}.Release|Win32.ActiveCfg = Release|Win32
		{003EABEB-F125-4EE3-A9B8-BAA0F08A61D1}.Release|Win32.Build.0 = Release|Win32
		{CC077EA9-3792-444F-B54E-EE28E0800E4F}.Debug|Win32.ActiveCfg = Debug|Win32
		{CC077EA9-3792-444F-B54E-EE28E0800E4F}.Debug|Win32.Build.0 = Debug|Win32
		{CC077EA9-3792-444F-B54E-EE28E0800E4F}.Release|Win32.ActiveCfg = Release|Win32
		{CC077EA9-3792-444F-B54E-EE28E0800E4F}.Release|Win32.Build.0 = Release|Win32
		{64E52211-8499-480E-854D-5E26D5E267F0}.Debug|Win32.ActiveCfg = Debug|Win32
		{64E52211-8499-480E-854D-5E26D5E267F0}.Debug|Win32.Build.0 = Debug|Win32
		{64E52211-8499-480E-854D-5E26D5E267F0}.Release|Win32.ActiveCfg = Release|Win32
		{64E52211-8499-480E-854D-5E26D5E267F0}.Release|Win32.Build.0 = Release|Win32
		{E69E86C5-D162-4972-BFAC-404DCB7C84E8}.Debug|Win32.ActiveCfg = Debug|Win32
		{E69E86C5-D162-4972-BFAC-404DCB7C84E8}.Debug|Win32.Build.0 = Debug|Win32
		{E69E86C5-D162-4972-BFAC-404DCB7C84E8}.Release|Win32.ActiveCfg = Release|Win32
		{E69E86C5-D162-4972-BFAC-404DCB7C84E8}.Release|Win32.Build.0 = Release|Win32
		{A9060658-F1EE-4AE1-9215-04B62E2EC9F2}.Debug|Win32.ActiveCfg = Debug|Win32
		{A9060658-F1EE-4AE1-9215-04B62E2EC9F2}.Debug|Win32.Build.0 = Debug|Win32
		{A9060658-F1EE-4AE1-9215-04B62E2EC9F2}.Release|Win32.ActiveCfg = Release|Win32
		{A9060658-F1EE-4AE1-9215-04B62E2EC9F2}.Release|Win32.Build.0 = Release|Win32
		{C11ABBEF-3B52-4F58-9E71-74552DC72013}.Debug|Win32.ActiveCfg = Debug|Win32
		{C11ABBEF-3B52-4F58-9E71-74552DC72013}.Debug|Win32.Build.0 = Debug|Win32
		{C11ABBEF-3B52-4F58-9E71-74552DC72013}.Release|Win32.ActiveCfg = Release|Win32
		{C11ABBEF-3B52-4F58-9E71-74552DC72013}.Release|Win32.Build.0 = Release|Win32
		{1DF3B617-85B0-49EB-81BB-D825CF741B8F}.Debug|Win32.ActiveCfg = Debug|Win32
		{1DF3B617-85B0-49EB-81BB-D825CF741B8F}.Debug|Win32.Build.0 = Debug|Win32
		{1DF3B617-85B0-49EB-81BB-D825CF741B8F}.Release|Win32.ActiveCfg = Release|Win32
		{1DF3B617-85B0-49EB-81BB-D825CF741B8F}.Release|Win32.Build.0 = Release|Win32
		{126E409C-6AA0-4847-97FF-B75D1E803324}.Debug|Win32.ActiveCfg = Debug|Win32
		{126E409C-6AA0-4847-97FF-B75D1E803324}.Debug|Win32.Build.0 = Debug|Win32
		{126E409C-6AA0-4847-97FF-B75D1E803324}.Release|Win32.ActiveCfg = Release|Win32
		{126E409C-6AA0-4847-97FF-B75D1E803324}.Release|Win32.Build.0 = Release|Win32
		{6B8285DC-209B-4D7C-9F20-1B9D6654012A}.Debug|Win32.ActiveCfg = Debug|Win32
		{6B8285DC-209B-4D7C-9F20-1B9D6654012A}.Debug|Win32.Build.0 = Debug|Win32
		{6B8285DC-209B-4D7C-9F20-1B9D6654012A}.Release|Win32.ActiveCfg = Release|Win32
		{6B8285DC-209B-4D7C-9F20-1B9D6654012A}.Release|Win32.Build.0 = Release|Win32
		{E6361570-F34E-4D5E-A87B-70B3C04CFD1C}.Debug|Win32.ActiveCfg = Debug|Win32
		{E6361570-F34E-4D5E-A87B-70B3C04CFD1C}.Debug|Win32.Build.0 = Debug|Win32
		{E6361570-F34E-4D5E-A87B-70B3C04CFD1C}.Release|Win32.ActiveCfg = Release|Win32
		{E6361570-F34E-4D5E-A87B-70B3C04CFD1C}.Release|Win32.Build.0 = Release|Win32
		{801614F4-A987-4B8F-8063-0487E010B93A}.Debug|Win32.ActiveCfg = Debug|Win32
		{801614F4-A987-4B8F-8063-0487E010B93A}.Debug|Win32.Build.0 = Debug|Win32
		{801614F4-A987-4B8F-8063-0487E010B93A}.Release|Win32.ActiveCfg = Release|Win32
		{801614F4-A987-4B8F-8063-0487E010B93A}.Release|Win32.Build.0 = Release|Win32
		{E572A0B0-A66F-44F1-918A-A219B76FD578}.Debug|Win32.ActiveCfg = Debug|Win32
		{E572A0B0-A66F-44F1-918A-A219B76FD578}.Debug|Win32.Build.0 = Debug|Win32
		{E572A0B0-A66F-44F1-918A-A219B76FD578}.Release|Win32.ActiveCfg = Release|Win32
		{E572A0B0-A66F-44F1-918A-A219B76FD578}.Release|Win32.Build.0 = Release|Win32
		{DC83A39D-9DA9-4CA3-AEFB-9AB33F8A49D4}.Debug|Win32.ActiveCfg = Debug|Win32
		{DC83A39D-9DA9-4CA3-AEFB-9AB33F8A49D4}.Debug|Win32.Build.0 = Debug|Win32
		{DC83A39D-9DA9-4CA3-AEFB-9AB33F8A49D4}.Release|Win32.ActiveCfg = Release|Win32
		{DC83A39D-9DA9-4CA3-AEFB-9AB33F8A49D4}.Release|Win32.Build.0 = Release|Win32
		{A5CAEF7E-ABC8-48E5-BF21-67E5CDC0B2FA}.Debug|Win32.ActiveCfg = Debug|Win32
		{A5CAEF7E-ABC8-48E5-BF21-67E5CDC0B2FA}.Debug|Win32.Build.0 = Debug|Win32
		{A5CAEF7E-ABC8-48E5-BF21-67E5CDC0B2FA}.Release|Win32.ActiveCfg = Release|Win32
		{A5CAEF7E-ABC8-48E5-BF21-67E5CDC0B2FA}.Release|Win32.Build.0 = Release|Win32
		{3E0549A9-C273-47BB-989D-BA5DCE7340F3}.Debug|Win32.ActiveCfg = Debug|Win32
		{3E0549A9-C273-47BB-989D-BA5DCE7340F3}.Debug|Win32.Build.0 = Debug|Win32
		{3E0549A9-C273-47BB-989D-BA5DCE7340F3}.Release|Win32.ActiveCfg = Release|Win32
		{3E0549A9-C273-47BB-989D-BA5DCE7340F3}.Release|Win32.Build.0 = Release|Win32
		{9E7A573D-0E93-463D-9543-83CE3D7BCDFB}.Debug|Win32.ActiveCfg = Debug|Win32
		{9E7A573D-0E93-463D-9543-83CE3D7BCDFB}.Debug|Win32.Build.0 = Debug|Win32
		{9E7A573D-0E93-463D-9543-83CE3D7BCDFB}.Release|Win32.ActiveCfg = Release|Win32
		{9E7A573D-0E93-463D-9543-83CE3D7BCDFB}.Release|Win32.Build.0 = Release|Win32
		{5941CEBD-B01F-403F-A173-A286423F1272}.Debug|Win32.ActiveCfg = Debug|Win32
		{5941CEBD-B01F-403F-A173-A286423F1272}.Debug|Win32.Build.0 = Debug|Win32
		{5941CEBD-B01F-403F-A173-A286423F1272}.Release|Win32.ActiveCfg = Release|Win32
		{5941CEBD-B01F-403F-A173-A286423F1272}.Release|Win32.Build.0 = Release|Win32
	EndGlobalSection
	GlobalSection(SolutionProperties) = preSolution
		HideSolutionNode = FALSE
	EndGlobalSection
EndGlobal
