
Microsoft Visual Studio Solution File, Format Version 12.00
# Visual Studio 2013
VisualStudioVersion = 12.0.31101.0
MinimumVisualStudioVersion = 10.0.40219.1
Project("{8BC9CEB8-8B4A-11D0-8D11-00A0C91BC942}") = "QuickSort", "QuickSort\QuickSort.vcxproj", "{FE2199BC-7E87-46D3-95C2-2A5DB5BEE16F}"
EndProject
Project("{8BC9CEB8-8B4A-11D0-8D11-00A0C91BC942}") = "BubbleSort", "BubbleSort\BubbleSort.vcxproj", "{73BDCEC4-4807-4ED7-A06F-FF899FE5168F}"
EndProject
Project("{8BC9CEB8-8B4A-11D0-8D11-00A0C91BC942}") = "ReverseList", "ReverseList\ReverseList.vcxproj", "{4280A631-A375-4D2B-A24D-A7B7209FCFA3}"
EndProject
Project("{8BC9CEB8-8B4A-11D0-8D11-00A0C91BC942}") = "InsertSort", "InsertSort\InsertSort.vcxproj", "{54D6A488-C86A-4768-B68F-AAC77285B9EC}"
EndProject
Project("{8BC9CEB8-8B4A-11D0-8D11-00A0C91BC942}") = "SelectSort", "SelectSort\SelectSort.vcxproj", "{896971C5-827D-4513-AF59-6C963F55042A}"
EndProject
Project("{8BC9CEB8-8B4A-11D0-8D11-00A0C91BC942}") = "ShellSort", "ShellSort\ShellSort.vcxproj", "{003EABEB-F125-4EE3-A9B8-BAA0F08A61D1}"
EndProject
Project("{8BC9CEB8-8B4A-11D0-8D11-00A0C91BC942}") = "HeapSort", "HeapSort\HeapSort.vcxproj", "{CC077EA9-3792-444F-B54E-EE28E0800E4F}"
EndProject
Project("{8BC9CEB8-8B4A-11D0-8D11-00A0C91BC942}") = "AddTwoNumbers", "AddTwoNumbers\Add Two Numbers.vcxproj", "{64E52211-8499-480E-854D-5E26D5E267F0}"
EndProject
Project("{8BC9CEB8-8B4A-11D0-8D11-00A0C91BC942}") = "LongestSubstringWithoutRepeatingCharacters", "LongestSubstringWithoutRepeatingCharacters\LongestSubstringWithoutRepeatingCharacters.vcxproj", "{E69E86C5-D162-4972-BFAC-404DCB7C84E8}"
EndProject
Project("{8BC9CEB8-8B4A-11D0-8D11-00A0C91BC942}") = "TowSum", "TwoSum\TowSum.vcxproj", "{A9060658-F1EE-4AE1-9215-04B62E2EC9F2}"
EndProject
Project("{8BC9CEB8-8B4A-11D0-8D11-00A0C91BC942}") = "ReverseInteger", "ReverseInteger\ReverseInteger.vcxproj", "{C11ABBEF-3B52-4F58-9E71-74552DC72013}"
EndProject
Project("{8BC9CEB8-8B4A-11D0-8D11-00A0C91BC942}") = "StringToInteger", "StringToInteger\StringToInteger.vcxproj", "{1DF3B617-85B0-49EB-81BB-D825CF741B8F}"
EndProject
Project("{8BC9CEB8-8B4A-11D0-8D11-00A0C91BC942}") = "ValidNumber", "ValidNumber\ValidNumber.vcxproj", "{126E409C-6AA0-4847-97FF-B75D1E803324}"
EndProject
Project("{8BC9CEB8-8B4A-11D0-8D11-00A0C91BC942}") = "NumberOf1Bits", "NumberOf1Bits\NumberOf1Bits.vcxproj", "{6B8285DC-209B-4D7C-9F20-1B9D6654012A}"
EndProject
Project("{8BC9CEB8-8B4A-11D0-8D11-00A0C91BC942}") = "ReverseBits", "ReverseBits\ReverseBits.vcxproj", "{E6361570-F34E-4D5E-A87B-70B3C04CFD1C}"
EndProject
Project("{8BC9CEB8-8B4A-11D0-8D11-00A0C91BC942}") = "PowerOfTwo", "PowerOfTwo\PowerOfTwo.vcxproj", "{801614F4-A987-4B8F-8063-0487E010B93A}"
EndProject
Project("{8BC9CEB8-8B4A-11D0-8D11-00A0C91BC942}") = "Subsets", "Subsets\Subsets.vcxproj", "{E572A0B0-A66F-44F1-918A-A219B76FD578}"
EndProject
Project("{8BC9CEB8-8B4A-11D0-8D11-00A0C91BC942}") = "SingleNumber", "SingleNumber\SingleNumber.vcxproj", "{A5CAEF7E-ABC8-48E5-BF21-67E5CDC0B2FA}"
EndProject
Project("{8BC9CEB8-8B4A-11D0-8D11-00A0C91BC942}") = "SingleNumberIII", "SingleNumberIII\SingleNumberIII.vcxproj", "{3E0549A9-C273-47BB-989D-BA5DCE7340F3}"
EndProject
Project("{8BC9CEB8-8B4A-11D0-8D11-00A0C91BC942}") = "SingleNumberII", "SingleNumberII\SingleNuberII.vcxproj", "{DC83A39D-9DA9-4CA3-AEFB-9AB33F8A49D4}"
EndProject
Project("{8BC9CEB8-8B4A-11D0-8D11-00A0C91BC942}") = "ContainsDuplicate", "ContainsDuplicate\ContainsDuplicate.vcxproj", "{0F873A4A-C816-4207-BA1D-02ECD04C7EC3}"
EndProject
Project("{8BC9CEB8-8B4A-11D0-8D11-00A0C91BC942}") = "ContainsDuplicateII", "ContainsDuplicateII\ContainsDuplicateII.vcxproj", "{6E5B8669-598C-44B3-9573-D7020659B1C3}"
EndProject
Project("{8BC9CEB8-8B4A-11D0-8D11-00A0C91BC942}") = "ContainsDuplicateIII", "ContainsDuplicateIII\ContainsDuplicateIII.vcxproj", "{E76550B6-125E-4CCE-8598-0AB35466BC80}"
EndProject
Project("{8BC9CEB8-8B4A-11D0-8D11-00A0C91BC942}") = "BinaryTreePostorderTraversal", "BinaryTreePostorderTraversal\BinaryTreePostorderTraversal.vcxproj", "{9DA28198-3B5D-43E4-B367-BA024D62CCC4}"
EndProject
Project("{8BC9CEB8-8B4A-11D0-8D11-00A0C91BC942}") = "Candy", "Candy\Candy.vcxproj", "{E879E825-5805-46C6-B8C9-D872FEB36793}"
EndProject
Project("{8BC9CEB8-8B4A-11D0-8D11-00A0C91BC942}") = "RemoveDuplicatesFromSortedArray", "RemoveDuplicatesFromSortedArray\RemoveDuplicatesFromSortedArray.vcxproj", "{9E7A573D-0E93-463D-9543-83CE3D7BCDFB}"
EndProject
Project("{8BC9CEB8-8B4A-11D0-8D11-00A0C91BC942}") = "RemoveDuplicatesFromSortedArrayII", "RemoveDuplicatesFromSortedArrayII\RemoveDuplicatesFromSortedArrayII.vcxproj", "{5941CEBD-B01F-403F-A173-A286423F1272}"
EndProject
Project("{8BC9CEB8-8B4A-11D0-8D11-00A0C91BC942}") = "RemoveDuplicatesFromSortedList", "RemoveDuplicatesFromSortedList\RemoveDuplicatesFromSortedList.vcxproj", "{5A6F02A2-928E-4375-B8AC-57A81EA78CE7}"
EndProject
Project("{8BC9CEB8-8B4A-11D0-8D11-00A0C91BC942}") = "DeleteNodeInALinkedList", "DeleteNodeInALinkedList\DeleteNodeInALinkedList.vcxproj", "{804F2AD2-1EEE-465B-9A68-09BF54DC2282}"
EndProject
Project("{8BC9CEB8-8B4A-11D0-8D11-00A0C91BC942}") = "IntersectionOfTwoLinkedLists", "IntersectionOfTwoLinkedLists\IntersectionOfTwoLinkedLists.vcxproj", "{B39618A9-0A7C-45AC-84F2-66845FFEC8EA}"
EndProject
Project("{8BC9CEB8-8B4A-11D0-8D11-00A0C91BC942}") = "MergeTwoSortedLists", "MergeTwoSortedLists\MergeTwoSortedLists.vcxproj", "{EA4EBCD7-5BE4-4DC7-A460-8A8675D60824}"
EndProject
Project("{8BC9CEB8-8B4A-11D0-8D11-00A0C91BC942}") = "PalindromeLinkedList", "PalindromeLinkedList\PalindromeLinkedList.vcxproj", "{C1F1CBEF-4BB2-48E7-8651-FE040B0E5B79}"
EndProject
Project("{8BC9CEB8-8B4A-11D0-8D11-00A0C91BC942}") = "ReverseLinkedList", "ReverseLinkedList\ReverseLinkedList.vcxproj", "{54D42131-E889-44D4-88D4-0286FAD9FED3}"
EndProject
Project("{8BC9CEB8-8B4A-11D0-8D11-00A0C91BC942}") = "RemoveLinkedListElements", "RemoveLinkedListElements\RemoveLinkedListElements.vcxproj", "{37F326C3-9EEF-480D-817F-37ED70A3CA01}"
EndProject
Project("{8BC9CEB8-8B4A-11D0-8D11-00A0C91BC942}") = "RemoveNthNodeFromEndOfList", "RemoveNthNodeFromEndOfList\RemoveNthNodeFromEndOfList.vcxproj", "{52120C23-242D-4EB3-A1AA-28CECFCEC7B4}"
EndProject
Project("{8BC9CEB8-8B4A-11D0-8D11-00A0C91BC942}") = "RemoveDuplicatesFromSortedListII", "RemoveDuplicatesFromSortedListII\RemoveDuplicatesFromSortedListII.vcxproj", "{57EF9DEA-6E2D-42F6-9662-9E7655032BEB}"
EndProject
Global
	GlobalSection(SolutionConfigurationPlatforms) = preSolution
		Debug|Win32 = Debug|Win32
		Release|Win32 = Release|Win32
	EndGlobalSection
	GlobalSection(ProjectConfigurationPlatforms) = postSolution
		{FE2199BC-7E87-46D3-95C2-2A5DB5BEE16F}.Debug|Win32.ActiveCfg = Debug|Win32
		{FE2199BC-7E87-46D3-95C2-2A5DB5BEE16F}.Debug|Win32.Build.0 = Debug|Win32
		{FE2199BC-7E87-46D3-95C2-2A5DB5BEE16F}.Release|Win32.ActiveCfg = Release|Win32
		{FE2199BC-7E87-46D3-95C2-2A5DB5BEE16F}.Release|Win32.Build.0 = Release|Win32
		{73BDCEC4-4807-4ED7-A06F-FF899FE5168F}.Debug|Win32.ActiveCfg = Debug|Win32
		{73BDCEC4-4807-4ED7-A06F-FF899FE5168F}.Debug|Win32.Build.0 = Debug|Win32
		{73BDCEC4-4807-4ED7-A06F-FF899FE5168F}.Release|Win32.ActiveCfg = Release|Win32
		{73BDCEC4-4807-4ED7-A06F-FF899FE5168F}.Release|Win32.Build.0 = Release|Win32
		{4280A631-A375-4D2B-A24D-A7B7209FCFA3}.Debug|Win32.ActiveCfg = Debug|Win32
		{4280A631-A375-4D2B-A24D-A7B7209FCFA3}.Debug|Win32.Build.0 = Debug|Win32
		{4280A631-A375-4D2B-A24D-A7B7209FCFA3}.Release|Win32.ActiveCfg = Release|Win32
		{4280A631-A375-4D2B-A24D-A7B7209FCFA3}.Release|Win32.Build.0 = Release|Win32
		{54D6A488-C86A-4768-B68F-AAC77285B9EC}.Debug|Win32.ActiveCfg = Debug|Win32
		{54D6A488-C86A-4768-B68F-AAC77285B9EC}.Debug|Win32.Build.0 = Debug|Win32
		{54D6A488-C86A-4768-B68F-AAC77285B9EC}.Release|Win32.ActiveCfg = Release|Win32
		{54D6A488-C86A-4768-B68F-AAC77285B9EC}.Release|Win32.Build.0 = Release|Win32
		{896971C5-827D-4513-AF59-6C963F55042A}.Debug|Win32.ActiveCfg = Debug|Win32
		{896971C5-827D-4513-AF59-6C963F55042A}.Debug|Win32.Build.0 = Debug|Win32
		{896971C5-827D-4513-AF59-6C963F55042A}.Release|Win32.ActiveCfg = Release|Win32
		{896971C5-827D-4513-AF59-6C963F55042A}.Release|Win32.Build.0 = Release|Win32
		{003EABEB-F125-4EE3-A9B8-BAA0F08A61D1}.Debug|Win32.ActiveCfg = Debug|Win32
		{003EABEB-F125-4EE3-A9B8-BAA0F08A61D1}.Debug|Win32.Build.0 = Debug|Win32
		{003EABEB-F125-4EE3-A9B8-BAA0F08A61D1}.Release|Win32.ActiveCfg = Release|Win32
		{003EABEB-F125-4EE3-A9B8-BAA0F08A61D1}.Release|Win32.Build.0 = Release|Win32
		{CC077EA9-3792-444F-B54E-EE28E0800E4F}.Debug|Win32.ActiveCfg = Debug|Win32
		{CC077EA9-3792-444F-B54E-EE28E0800E4F}.Debug|Win32.Build.0 = Debug|Win32
		{CC077EA9-3792-444F-B54E-EE28E0800E4F}.Release|Win32.ActiveCfg = Release|Win32
		{CC077EA9-3792-444F-B54E-EE28E0800E4F}.Release|Win32.Build.0 = Release|Win32
		{64E52211-8499-480E-854D-5E26D5E267F0}.Debug|Win32.ActiveCfg = Debug|Win32
		{64E52211-8499-480E-854D-5E26D5E267F0}.Debug|Win32.Build.0 = Debug|Win32
		{64E52211-8499-480E-854D-5E26D5E267F0}.Release|Win32.ActiveCfg = Release|Win32
		{64E52211-8499-480E-854D-5E26D5E267F0}.Release|Win32.Build.0 = Release|Win32
		{E69E86C5-D162-4972-BFAC-404DCB7C84E8}.Debug|Win32.ActiveCfg = Debug|Win32
		{E69E86C5-D162-4972-BFAC-404DCB7C84E8}.Debug|Win32.Build.0 = Debug|Win32
		{E69E86C5-D162-4972-BFAC-404DCB7C84E8}.Release|Win32.ActiveCfg = Release|Win32
		{E69E86C5-D162-4972-BFAC-404DCB7C84E8}.Release|Win32.Build.0 = Release|Win32
		{A9060658-F1EE-4AE1-9215-04B62E2EC9F2}.Debug|Win32.ActiveCfg = Debug|Win32
		{A9060658-F1EE-4AE1-9215-04B62E2EC9F2}.Debug|Win32.Build.0 = Debug|Win32
		{A9060658-F1EE-4AE1-9215-04B62E2EC9F2}.Release|Win32.ActiveCfg = Release|Win32
		{A9060658-F1EE-4AE1-9215-04B62E2EC9F2}.Release|Win32.Build.0 = Release|Win32
		{C11ABBEF-3B52-4F58-9E71-74552DC72013}.Debug|Win32.ActiveCfg = Debug|Win32
		{C11ABBEF-3B52-4F58-9E71-74552DC72013}.Debug|Win32.Build.0 = Debug|Win32
		{C11ABBEF-3B52-4F58-9E71-74552DC72013}.Release|Win32.ActiveCfg = Release|Win32
		{C11ABBEF-3B52-4F58-9E71-74552DC72013}.Release|Win32.Build.0 = Release|Win32
		{1DF3B617-85B0-49EB-81BB-D825CF741B8F}.Debug|Win32.ActiveCfg = Debug|Win32
		{1DF3B617-85B0-49EB-81BB-D825CF741B8F}.Debug|Win32.Build.0 = Debug|Win32
		{1DF3B617-85B0-49EB-81BB-D825CF741B8F}.Release|Win32.ActiveCfg = Release|Win32
		{1DF3B617-85B0-49EB-81BB-D825CF741B8F}.Release|Win32.Build.0 = Release|Win32
		{126E409C-6AA0-4847-97FF-B75D1E803324}.Debug|Win32.ActiveCfg = Debug|Win32
		{126E409C-6AA0-4847-97FF-B75D1E803324}.Debug|Win32.Build.0 = Debug|Win32
		{126E409C-6AA0-4847-97FF-B75D1E803324}.Release|Win32.ActiveCfg = Release|Win32
		{126E409C-6AA0-4847-97FF-B75D1E803324}.Release|Win32.Build.0 = Release|Win32
		{6B8285DC-209B-4D7C-9F20-1B9D6654012A}.Debug|Win32.ActiveCfg = Debug|Win32
		{6B8285DC-209B-4D7C-9F20-1B9D6654012A}.Debug|Win32.Build.0 = Debug|Win32
		{6B8285DC-209B-4D7C-9F20-1B9D6654012A}.Release|Win32.ActiveCfg = Release|Win32
		{6B8285DC-209B-4D7C-9F20-1B9D6654012A}.Release|Win32.Build.0 = Release|Win32
		{E6361570-F34E-4D5E-A87B-70B3C04CFD1C}.Debug|Win32.ActiveCfg = Debug|Win32
		{E6361570-F34E-4D5E-A87B-70B3C04CFD1C}.Debug|Win32.Build.0 = Debug|Win32
		{E6361570-F34E-4D5E-A87B-70B3C04CFD1C}.Release|Win32.ActiveCfg = Release|Win32
		{E6361570-F34E-4D5E-A87B-70B3C04CFD1C}.Release|Win32.Build.0 = Release|Win32
		{801614F4-A987-4B8F-8063-0487E010B93A}.Debug|Win32.ActiveCfg = Debug|Win32
		{801614F4-A987-4B8F-8063-0487E010B93A}.Debug|Win32.Build.0 = Debug|Win32
		{801614F4-A987-4B8F-8063-0487E010B93A}.Release|Win32.ActiveCfg = Release|Win32
		{801614F4-A987-4B8F-8063-0487E010B93A}.Release|Win32.Build.0 = Release|Win32
		{E572A0B0-A66F-44F1-918A-A219B76FD578}.Debug|Win32.ActiveCfg = Debug|Win32
		{E572A0B0-A66F-44F1-918A-A219B76FD578}.Debug|Win32.Build.0 = Debug|Win32
		{E572A0B0-A66F-44F1-918A-A219B76FD578}.Release|Win32.ActiveCfg = Release|Win32
		{E572A0B0-A66F-44F1-918A-A219B76FD578}.Release|Win32.Build.0 = Release|Win32
		{A5CAEF7E-ABC8-48E5-BF21-67E5CDC0B2FA}.Debug|Win32.ActiveCfg = Debug|Win32
		{A5CAEF7E-ABC8-48E5-BF21-67E5CDC0B2FA}.Debug|Win32.Build.0 = Debug|Win32
		{A5CAEF7E-ABC8-48E5-BF21-67E5CDC0B2FA}.Release|Win32.ActiveCfg = Release|Win32
		{A5CAEF7E-ABC8-48E5-BF21-67E5CDC0B2FA}.Release|Win32.Build.0 = Release|Win32
		{3E0549A9-C273-47BB-989D-BA5DCE7340F3}.Debug|Win32.ActiveCfg = Debug|Win32
		{3E0549A9-C273-47BB-989D-BA5DCE7340F3}.Debug|Win32.Build.0 = Debug|Win32
		{3E0549A9-C273-47BB-989D-BA5DCE7340F3}.Release|Win32.ActiveCfg = Release|Win32
		{3E0549A9-C273-47BB-989D-BA5DCE7340F3}.Release|Win32.Build.0 = Release|Win32
		{DC83A39D-9DA9-4CA3-AEFB-9AB33F8A49D4}.Debug|Win32.ActiveCfg = Debug|Win32
		{DC83A39D-9DA9-4CA3-AEFB-9AB33F8A49D4}.Debug|Win32.Build.0 = Debug|Win32
		{DC83A39D-9DA9-4CA3-AEFB-9AB33F8A49D4}.Release|Win32.ActiveCfg = Release|Win32
		{DC83A39D-9DA9-4CA3-AEFB-9AB33F8A49D4}.Release|Win32.Build.0 = Release|Win32
		{0F873A4A-C816-4207-BA1D-02ECD04C7EC3}.Debug|Win32.ActiveCfg = Debug|Win32
		{0F873A4A-C816-4207-BA1D-02ECD04C7EC3}.Debug|Win32.Build.0 = Debug|Win32
		{0F873A4A-C816-4207-BA1D-02ECD04C7EC3}.Release|Win32.ActiveCfg = Release|Win32
		{0F873A4A-C816-4207-BA1D-02ECD04C7EC3}.Release|Win32.Build.0 = Release|Win32
		{6E5B8669-598C-44B3-9573-D7020659B1C3}.Debug|Win32.ActiveCfg = Debug|Win32
		{6E5B8669-598C-44B3-9573-D7020659B1C3}.Debug|Win32.Build.0 = Debug|Win32
		{6E5B8669-598C-44B3-9573-D7020659B1C3}.Release|Win32.ActiveCfg = Release|Win32
		{6E5B8669-598C-44B3-9573-D7020659B1C3}.Release|Win32.Build.0 = Release|Win32
		{E76550B6-125E-4CCE-8598-0AB35466BC80}.Debug|Win32.ActiveCfg = Debug|Win32
		{E76550B6-125E-4CCE-8598-0AB35466BC80}.Debug|Win32.Build.0 = Debug|Win32
		{E76550B6-125E-4CCE-8598-0AB35466BC80}.Release|Win32.ActiveCfg = Release|Win32
		{E76550B6-125E-4CCE-8598-0AB35466BC80}.Release|Win32.Build.0 = Release|Win32
		{9DA28198-3B5D-43E4-B367-BA024D62CCC4}.Debug|Win32.ActiveCfg = Debug|Win32
		{9DA28198-3B5D-43E4-B367-BA024D62CCC4}.Debug|Win32.Build.0 = Debug|Win32
		{9DA28198-3B5D-43E4-B367-BA024D62CCC4}.Release|Win32.ActiveCfg = Release|Win32
		{9DA28198-3B5D-43E4-B367-BA024D62CCC4}.Release|Win32.Build.0 = Release|Win32
		{E879E825-5805-46C6-B8C9-D872FEB36793}.Debug|Win32.ActiveCfg = Debug|Win32
		{E879E825-5805-46C6-B8C9-D872FEB36793}.Debug|Win32.Build.0 = Debug|Win32
		{E879E825-5805-46C6-B8C9-D872FEB36793}.Release|Win32.ActiveCfg = Release|Win32
		{E879E825-5805-46C6-B8C9-D872FEB36793}.Release|Win32.Build.0 = Release|Win32
		{9E7A573D-0E93-463D-9543-83CE3D7BCDFB}.Debug|Win32.ActiveCfg = Debug|Win32
		{9E7A573D-0E93-463D-9543-83CE3D7BCDFB}.Debug|Win32.Build.0 = Debug|Win32
		{9E7A573D-0E93-463D-9543-83CE3D7BCDFB}.Release|Win32.ActiveCfg = Release|Win32
		{9E7A573D-0E93-463D-9543-83CE3D7BCDFB}.Release|Win32.Build.0 = Release|Win32
		{5941CEBD-B01F-403F-A173-A286423F1272}.Debug|Win32.ActiveCfg = Debug|Win32
		{5941CEBD-B01F-403F-A173-A286423F1272}.Debug|Win32.Build.0 = Debug|Win32
		{5941CEBD-B01F-403F-A173-A286423F1272}.Release|Win32.ActiveCfg = Release|Win32
		{5941CEBD-B01F-403F-A173-A286423F1272}.Release|Win32.Build.0 = Release|Win32
		{5A6F02A2-928E-4375-B8AC-57A81EA78CE7}.Debug|Win32.ActiveCfg = Debug|Win32
		{5A6F02A2-928E-4375-B8AC-57A81EA78CE7}.Debug|Win32.Build.0 = Debug|Win32
		{5A6F02A2-928E-4375-B8AC-57A81EA78CE7}.Release|Win32.ActiveCfg = Release|Win32
		{5A6F02A2-928E-4375-B8AC-57A81EA78CE7}.Release|Win32.Build.0 = Release|Win32
		{804F2AD2-1EEE-465B-9A68-09BF54DC2282}.Debug|Win32.ActiveCfg = Debug|Win32
		{804F2AD2-1EEE-465B-9A68-09BF54DC2282}.Debug|Win32.Build.0 = Debug|Win32
		{804F2AD2-1EEE-465B-9A68-09BF54DC2282}.Release|Win32.ActiveCfg = Release|Win32
		{804F2AD2-1EEE-465B-9A68-09BF54DC2282}.Release|Win32.Build.0 = Release|Win32
		{B39618A9-0A7C-45AC-84F2-66845FFEC8EA}.Debug|Win32.ActiveCfg = Debug|Win32
		{B39618A9-0A7C-45AC-84F2-66845FFEC8EA}.Debug|Win32.Build.0 = Debug|Win32
		{B39618A9-0A7C-45AC-84F2-66845FFEC8EA}.Release|Win32.ActiveCfg = Release|Win32
		{B39618A9-0A7C-45AC-84F2-66845FFEC8EA}.Release|Win32.Build.0 = Release|Win32
		{EA4EBCD7-5BE4-4DC7-A460-8A8675D60824}.Debug|Win32.ActiveCfg = Debug|Win32
		{EA4EBCD7-5BE4-4DC7-A460-8A8675D60824}.Debug|Win32.Build.0 = Debug|Win32
		{EA4EBCD7-5BE4-4DC7-A460-8A8675D60824}.Release|Win32.ActiveCfg = Release|Win32
		{EA4EBCD7-5BE4-4DC7-A460-8A8675D60824}.Release|Win32.Build.0 = Release|Win32
		{C1F1CBEF-4BB2-48E7-8651-FE040B0E5B79}.Debug|Win32.ActiveCfg = Debug|Win32
		{C1F1CBEF-4BB2-48E7-8651-FE040B0E5B79}.Debug|Win32.Build.0 = Debug|Win32
		{C1F1CBEF-4BB2-48E7-8651-FE040B0E5B79}.Release|Win32.ActiveCfg = Release|Win32
		{C1F1CBEF-4BB2-48E7-8651-FE040B0E5B79}.Release|Win32.Build.0 = Release|Win32
		{54D42131-E889-44D4-88D4-0286FAD9FED3}.Debug|Win32.ActiveCfg = Debug|Win32
		{54D42131-E889-44D4-88D4-0286FAD9FED3}.Debug|Win32.Build.0 = Debug|Win32
		{54D42131-E889-44D4-88D4-0286FAD9FED3}.Release|Win32.ActiveCfg = Release|Win32
		{54D42131-E889-44D4-88D4-0286FAD9FED3}.Release|Win32.Build.0 = Release|Win32
		{37F326C3-9EEF-480D-817F-37ED70A3CA01}.Debug|Win32.ActiveCfg = Debug|Win32
		{37F326C3-9EEF-480D-817F-37ED70A3CA01}.Debug|Win32.Build.0 = Debug|Win32
		{37F326C3-9EEF-480D-817F-37ED70A3CA01}.Release|Win32.ActiveCfg = Release|Win32
		{37F326C3-9EEF-480D-817F-37ED70A3CA01}.Release|Win32.Build.0 = Release|Win32
		{52120C23-242D-4EB3-A1AA-28CECFCEC7B4}.Debug|Win32.ActiveCfg = Debug|Win32
		{52120C23-242D-4EB3-A1AA-28CECFCEC7B4}.Debug|Win32.Build.0 = Debug|Win32
		{52120C23-242D-4EB3-A1AA-28CECFCEC7B4}.Release|Win32.ActiveCfg = Release|Win32
		{52120C23-242D-4EB3-A1AA-28CECFCEC7B4}.Release|Win32.Build.0 = Release|Win32
		{57EF9DEA-6E2D-42F6-9662-9E7655032BEB}.Debug|Win32.ActiveCfg = Debug|Win32
		{57EF9DEA-6E2D-42F6-9662-9E7655032BEB}.Debug|Win32.Build.0 = Debug|Win32
		{57EF9DEA-6E2D-42F6-9662-9E7655032BEB}.Release|Win32.ActiveCfg = Release|Win32
		{57EF9DEA-6E2D-42F6-9662-9E7655032BEB}.Release|Win32.Build.0 = Release|Win32
	EndGlobalSection
	GlobalSection(SolutionProperties) = preSolution
		HideSolutionNode = FALSE
	EndGlobalSection
EndGlobal
